
Microsoft Visual Studio Solution File, Format Version 12.00
# Visual Studio Version 17
VisualStudioVersion = 17.0.31903.59
MinimumVisualStudioVersion = 10.0.40219.1
Project("{FAE04EC0-301F-11D3-BF4B-00C04F79EFBC}") = "KataCSharp", "KataCSharp\KataCSharp.csproj", "{2487E674-5C39-47ED-89D9-02F375F76DD1}"
EndProject
Project("{FAE04EC0-301F-11D3-BF4B-00C04F79EFBC}") = "KataCSharp.Tests", "KataCSharp.Tests\KataCSharp.Tests.csproj", "{86F4CFA3-E413-479B-AF95-48A4592C8086}"
EndProject
Global
	GlobalSection(SolutionConfigurationPlatforms) = preSolution
		Debug|Any CPU = Debug|Any CPU
		Release|Any CPU = Release|Any CPU
	EndGlobalSection
	GlobalSection(SolutionProperties) = preSolution
		HideSolutionNode = FALSE
	EndGlobalSection
	GlobalSection(ProjectConfigurationPlatforms) = postSolution
		{2487E674-5C39-47ED-89D9-02F375F76DD1}.Debug|Any CPU.ActiveCfg = Debug|Any CPU
		{2487E674-5C39-47ED-89D9-02F375F76DD1}.Debug|Any CPU.Build.0 = Debug|Any CPU
		{2487E674-5C39-47ED-89D9-02F375F76DD1}.Release|Any CPU.ActiveCfg = Release|Any CPU
		{2487E674-5C39-47ED-89D9-02F375F76DD1}.Release|Any CPU.Build.0 = Release|Any CPU
		{86F4CFA3-E413-479B-AF95-48A4592C8086}.Debug|Any CPU.ActiveCfg = Debug|Any CPU
		{86F4CFA3-E413-479B-AF95-48A4592C8086}.Debug|Any CPU.Build.0 = Debug|Any CPU
		{86F4CFA3-E413-479B-AF95-48A4592C8086}.Release|Any CPU.ActiveCfg = Release|Any CPU
		{86F4CFA3-E413-479B-AF95-48A4592C8086}.Release|Any CPU.Build.0 = Release|Any CPU
	EndGlobalSection
EndGlobal
